{
  "originHash" : "d0bbaea7c0ab2013e92f6eb9ce82908fd26e94db973f0487f68c27e1aacc9dc2",
  "pins" : [
    {
      "identity" : "sdwebimage",
      "kind" : "remoteSourceControl",
      "location" : "https://github.com/SDWebImage/SDWebImage.git",
      "state" : {
        "revision" : "cac9a55a3ae92478a2c95042dcc8d9695d2129ca",
        "version" : "5.21.0"
      }
    },
    {
      "identity" : "sdwebimageswiftui",
      "kind" : "remoteSourceControl",
      "location" : "https://github.com/SDWebImage/SDWebImageSwiftUI.git",
      "state" : {
        "revision" : "451c6dfd5ecec2cf626d1d9ca81c2d4a60355172",
        "version" : "3.1.3"
      }
    },
    {
      "identity" : "swiftuispeechtotext",
      "kind" : "remoteSourceControl",
      "location" : "https://github.com/pandashashwat97/SwiftUISpeechToText.git",
      "state" : {
        "branch" : "main",
        "revision" : "fc2f62b60d0c8127bcbf4a9662b1d1cfd3c5294b"
      }
    }
  ],
  "version" : 3
}
